
Microsoft Visual Studio Solution File, Format Version 12.00
# Visual Studio 15
VisualStudioVersion = 15.0.26403.7
MinimumVisualStudioVersion = 10.0.40219.1
Project("{8BC9CEB8-8B4A-11D0-8D11-00A0C91BC942}") = "ProjectEulerProblem1", "ProjectEulerProblem1\ProjectEulerProblem1.vcxproj", "{B0EC198A-737D-434A-BDD8-6971A849B969}"
EndProject
Project("{8BC9CEB8-8B4A-11D0-8D11-00A0C91BC942}") = "ProjectEulerProblem2", "ProjectEulerProblem2\ProjectEulerProblem2.vcxproj", "{3ADA0AD5-F80C-4A31-B166-B52F2BE536EA}"
EndProject
Project("{8BC9CEB8-8B4A-11D0-8D11-00A0C91BC942}") = "ProjectEulerProblem3", "ProjectEulerProblem3\ProjectEulerProblem3.vcxproj", "{19E0A3AF-5051-45C4-9A54-7180549D065D}"
EndProject
Global
	GlobalSection(SolutionConfigurationPlatforms) = preSolution
		Debug|x64 = Debug|x64
		Debug|x86 = Debug|x86
		Release|x64 = Release|x64
		Release|x86 = Release|x86
	EndGlobalSection
	GlobalSection(ProjectConfigurationPlatforms) = postSolution
		{B0EC198A-737D-434A-BDD8-6971A849B969}.Debug|x64.ActiveCfg = Debug|x64
		{B0EC198A-737D-434A-BDD8-6971A849B969}.Debug|x64.Build.0 = Debug|x64
		{B0EC198A-737D-434A-BDD8-6971A849B969}.Debug|x86.ActiveCfg = Debug|Win32
		{B0EC198A-737D-434A-BDD8-6971A849B969}.Debug|x86.Build.0 = Debug|Win32
		{B0EC198A-737D-434A-BDD8-6971A849B969}.Release|x64.ActiveCfg = Release|x64
		{B0EC198A-737D-434A-BDD8-6971A849B969}.Release|x64.Build.0 = Release|x64
		{B0EC198A-737D-434A-BDD8-6971A849B969}.Release|x86.ActiveCfg = Release|Win32
		{B0EC198A-737D-434A-BDD8-6971A849B969}.Release|x86.Build.0 = Release|Win32
		{3ADA0AD5-F80C-4A31-B166-B52F2BE536EA}.Debug|x64.ActiveCfg = Debug|x64
		{3ADA0AD5-F80C-4A31-B166-B52F2BE536EA}.Debug|x64.Build.0 = Debug|x64
		{3ADA0AD5-F80C-4A31-B166-B52F2BE536EA}.Debug|x86.ActiveCfg = Debug|Win32
		{3ADA0AD5-F80C-4A31-B166-B52F2BE536EA}.Debug|x86.Build.0 = Debug|Win32
		{3ADA0AD5-F80C-4A31-B166-B52F2BE536EA}.Release|x64.ActiveCfg = Release|x64
		{3ADA0AD5-F80C-4A31-B166-B52F2BE536EA}.Release|x64.Build.0 = Release|x64
		{3ADA0AD5-F80C-4A31-B166-B52F2BE536EA}.Release|x86.ActiveCfg = Release|Win32
		{3ADA0AD5-F80C-4A31-B166-B52F2BE536EA}.Release|x86.Build.0 = Release|Win32
		{19E0A3AF-5051-45C4-9A54-7180549D065D}.Debug|x64.ActiveCfg = Debug|x64
		{19E0A3AF-5051-45C4-9A54-7180549D065D}.Debug|x64.Build.0 = Debug|x64
		{19E0A3AF-5051-45C4-9A54-7180549D065D}.Debug|x86.ActiveCfg = Debug|Win32
		{19E0A3AF-5051-45C4-9A54-7180549D065D}.Debug|x86.Build.0 = Debug|Win32
		{19E0A3AF-5051-45C4-9A54-7180549D065D}.Release|x64.ActiveCfg = Release|x64
		{19E0A3AF-5051-45C4-9A54-7180549D065D}.Release|x64.Build.0 = Release|x64
		{19E0A3AF-5051-45C4-9A54-7180549D065D}.Release|x86.ActiveCfg = Release|Win32
		{19E0A3AF-5051-45C4-9A54-7180549D065D}.Release|x86.Build.0 = Release|Win32
	EndGlobalSection
	GlobalSection(SolutionProperties) = preSolution
		HideSolutionNode = FALSE
	EndGlobalSection
EndGlobal
